// !$*UTF8*$!
{
	archiveVersion = 1;
	classes = {
	};
	objectVersion = 56;
	objects = {

/* Begin PBXBuildFile section */
		001B77972AF2E1770013321D /* Algorithms in Frameworks */ = {isa = PBXBuildFile; productRef = 001B77962AF2E1770013321D /* Algorithms */; };
		0026BE1F2AFFBBB000CAEC66 /* CohereTypes.swift in Sources */ = {isa = PBXBuildFile; fileRef = 0026BE1E2AFFBBB000CAEC66 /* CohereTypes.swift */; };
		0026BE202AFFBBD100CAEC66 /* BedrockModelParameterUI.swift in Sources */ = {isa = PBXBuildFile; fileRef = 008DFB1A2AF4A54800687BB9 /* BedrockModelParameterUI.swift */; };
		0026BE232AFFCEAB00CAEC66 /* TitanTypes.swift in Sources */ = {isa = PBXBuildFile; fileRef = 0026BE212AFFCEAB00CAEC66 /* TitanTypes.swift */; };
		0026BE252AFFCEDB00CAEC66 /* ClaudeTypes.swift in Sources */ = {isa = PBXBuildFile; fileRef = 0026BE242AFFCEDB00CAEC66 /* ClaudeTypes.swift */; };
		002B1AD22AF1D931002F4B77 /* BedrockTypes.swift in Sources */ = {isa = PBXBuildFile; fileRef = 002B1AB32AF1D7DB002F4B77 /* BedrockTypes.swift */; };
		002B1AD32AF1D964002F4B77 /* libBedrockTypes.a in Frameworks */ = {isa = PBXBuildFile; fileRef = 002B1AC92AF1D8FC002F4B77 /* libBedrockTypes.a */; };
		002B1AD72AF1DF96002F4B77 /* BedrockTypesUI.swift in Sources */ = {isa = PBXBuildFile; fileRef = 002B1AD62AF1DF96002F4B77 /* BedrockTypesUI.swift */; };
		002B1AD92AF1E0AF002F4B77 /* CommonBehaviour.swift in Sources */ = {isa = PBXBuildFile; fileRef = 002B1AD82AF1E0AF002F4B77 /* CommonBehaviour.swift */; };
		005B5F592AD23900000EC830 /* ChatPlayground.swift in Sources */ = {isa = PBXBuildFile; fileRef = 005B5F582AD23900000EC830 /* ChatPlayground.swift */; };
		005B5F5B2AD23918000EC830 /* VoicePlayground.swift in Sources */ = {isa = PBXBuildFile; fileRef = 005B5F5A2AD23918000EC830 /* VoicePlayground.swift */; };
		005B5F5D2AD2393F000EC830 /* ImagePlayground.swift in Sources */ = {isa = PBXBuildFile; fileRef = 005B5F5C2AD2393F000EC830 /* ImagePlayground.swift */; };
		005B5F5F2AD23EAA000EC830 /* Bedrock.swift in Sources */ = {isa = PBXBuildFile; fileRef = 005B5F5E2AD23EAA000EC830 /* Bedrock.swift */; };
		0062C34C2AD44F4900EBCBBB /* StatusBar.swift in Sources */ = {isa = PBXBuildFile; fileRef = 0062C34B2AD44F4900EBCBBB /* StatusBar.swift */; };
		00808D1D2AF2D29400A576CB /* ModelSelectionView.swift in Sources */ = {isa = PBXBuildFile; fileRef = 00808D1C2AF2D29400A576CB /* ModelSelectionView.swift */; };
		008DFB192AF4A3F700687BB9 /* ModelParameterView.swift in Sources */ = {isa = PBXBuildFile; fileRef = 008DFB182AF4A3F700687BB9 /* ModelParameterView.swift */; };
		008DFB1E2AF4A9A500687BB9 /* Collections in Frameworks */ = {isa = PBXBuildFile; productRef = 008DFB1D2AF4A9A500687BB9 /* Collections */; };
		008DFB202AF4A9A500687BB9 /* OrderedCollections in Frameworks */ = {isa = PBXBuildFile; productRef = 008DFB1F2AF4A9A500687BB9 /* OrderedCollections */; };
		00B5593B2AD0D9D000718090 /* SwiftFMPlaygroundApp.swift in Sources */ = {isa = PBXBuildFile; fileRef = 00B5593A2AD0D9D000718090 /* SwiftFMPlaygroundApp.swift */; };
		00B5593D2AD0D9D000718090 /* ContentView.swift in Sources */ = {isa = PBXBuildFile; fileRef = 00B5593C2AD0D9D000718090 /* ContentView.swift */; };
		00B5593F2AD0D9D100718090 /* Assets.xcassets in Resources */ = {isa = PBXBuildFile; fileRef = 00B5593E2AD0D9D100718090 /* Assets.xcassets */; };
		00B559422AD0D9D100718090 /* Preview Assets.xcassets in Resources */ = {isa = PBXBuildFile; fileRef = 00B559412AD0D9D100718090 /* Preview Assets.xcassets */; };
		00B5594A2AD0E16800718090 /* ViewModel.swift in Sources */ = {isa = PBXBuildFile; fileRef = 00B559492AD0E16800718090 /* ViewModel.swift */; };
		00B559632AD0E22900718090 /* Model.swift in Sources */ = {isa = PBXBuildFile; fileRef = 00B559622AD0E22900718090 /* Model.swift */; };
		00B559662AD0E27A00718090 /* Logging in Frameworks */ = {isa = PBXBuildFile; productRef = 00B559652AD0E27A00718090 /* Logging */; };
		00B559692AD0E28500718090 /* AWSBedrockRuntime in Frameworks */ = {isa = PBXBuildFile; productRef = 00B559682AD0E28500718090 /* AWSBedrockRuntime */; };
		00B5596B2AD0E2B500718090 /* AWSBedrock in Frameworks */ = {isa = PBXBuildFile; productRef = 00B5596A2AD0E2B500718090 /* AWSBedrock */; };
		00B559732AD0E79200718090 /* ListModelsPlayground.swift in Sources */ = {isa = PBXBuildFile; fileRef = 00B559722AD0E79200718090 /* ListModelsPlayground.swift */; };
		00B559752AD0E82500718090 /* TextPlayground.swift in Sources */ = {isa = PBXBuildFile; fileRef = 00B559742AD0E82500718090 /* TextPlayground.swift */; };
		00B559772AD0E84600718090 /* Playground.swift in Sources */ = {isa = PBXBuildFile; fileRef = 00B559762AD0E84600718090 /* Playground.swift */; };
		00C788922AFDBB3A0007B41A /* BedrockTypesTests.swift in Sources */ = {isa = PBXBuildFile; fileRef = 00C788912AFDBB3A0007B41A /* BedrockTypesTests.swift */; };
/* End PBXBuildFile section */

/* Begin PBXContainerItemProxy section */
		00C788932AFDBB3A0007B41A /* PBXContainerItemProxy */ = {
			isa = PBXContainerItemProxy;
			containerPortal = 00B5592F2AD0D9D000718090 /* Project object */;
			proxyType = 1;
			remoteGlobalIDString = 00B559362AD0D9D000718090;
			remoteInfo = "Swift FM Playground";
		};
/* End PBXContainerItemProxy section */

/* Begin PBXFileReference section */
		0026BE1E2AFFBBB000CAEC66 /* CohereTypes.swift */ = {isa = PBXFileReference; lastKnownFileType = sourcecode.swift; path = CohereTypes.swift; sourceTree = "<group>"; };
		0026BE212AFFCEAB00CAEC66 /* TitanTypes.swift */ = {isa = PBXFileReference; lastKnownFileType = sourcecode.swift; path = TitanTypes.swift; sourceTree = "<group>"; };
		0026BE242AFFCEDB00CAEC66 /* ClaudeTypes.swift */ = {isa = PBXFileReference; lastKnownFileType = sourcecode.swift; path = ClaudeTypes.swift; sourceTree = "<group>"; };
		002B1AB32AF1D7DB002F4B77 /* BedrockTypes.swift */ = {isa = PBXFileReference; lastKnownFileType = sourcecode.swift; path = BedrockTypes.swift; sourceTree = "<group>"; };
		002B1AC92AF1D8FC002F4B77 /* libBedrockTypes.a */ = {isa = PBXFileReference; explicitFileType = archive.ar; includeInIndex = 0; path = libBedrockTypes.a; sourceTree = BUILT_PRODUCTS_DIR; };
		002B1AD62AF1DF96002F4B77 /* BedrockTypesUI.swift */ = {isa = PBXFileReference; lastKnownFileType = sourcecode.swift; path = BedrockTypesUI.swift; sourceTree = "<group>"; };
		002B1AD82AF1E0AF002F4B77 /* CommonBehaviour.swift */ = {isa = PBXFileReference; lastKnownFileType = sourcecode.swift; path = CommonBehaviour.swift; sourceTree = "<group>"; };
		005B5F582AD23900000EC830 /* ChatPlayground.swift */ = {isa = PBXFileReference; lastKnownFileType = sourcecode.swift; path = ChatPlayground.swift; sourceTree = "<group>"; };
		005B5F5A2AD23918000EC830 /* VoicePlayground.swift */ = {isa = PBXFileReference; lastKnownFileType = sourcecode.swift; path = VoicePlayground.swift; sourceTree = "<group>"; };
		005B5F5C2AD2393F000EC830 /* ImagePlayground.swift */ = {isa = PBXFileReference; lastKnownFileType = sourcecode.swift; path = ImagePlayground.swift; sourceTree = "<group>"; };
		005B5F5E2AD23EAA000EC830 /* Bedrock.swift */ = {isa = PBXFileReference; lastKnownFileType = sourcecode.swift; path = Bedrock.swift; sourceTree = "<group>"; };
		0062C34B2AD44F4900EBCBBB /* StatusBar.swift */ = {isa = PBXFileReference; lastKnownFileType = sourcecode.swift; path = StatusBar.swift; sourceTree = "<group>"; };
		00808D1C2AF2D29400A576CB /* ModelSelectionView.swift */ = {isa = PBXFileReference; lastKnownFileType = sourcecode.swift; path = ModelSelectionView.swift; sourceTree = "<group>"; };
		008DFB182AF4A3F700687BB9 /* ModelParameterView.swift */ = {isa = PBXFileReference; lastKnownFileType = sourcecode.swift; path = ModelParameterView.swift; sourceTree = "<group>"; };
		008DFB1A2AF4A54800687BB9 /* BedrockModelParameterUI.swift */ = {isa = PBXFileReference; lastKnownFileType = sourcecode.swift; path = BedrockModelParameterUI.swift; sourceTree = "<group>"; };
		00B559372AD0D9D000718090 /* Swift FM Playground.app */ = {isa = PBXFileReference; explicitFileType = wrapper.application; includeInIndex = 0; path = "Swift FM Playground.app"; sourceTree = BUILT_PRODUCTS_DIR; };
		00B5593A2AD0D9D000718090 /* SwiftFMPlaygroundApp.swift */ = {isa = PBXFileReference; lastKnownFileType = sourcecode.swift; path = SwiftFMPlaygroundApp.swift; sourceTree = "<group>"; };
		00B5593C2AD0D9D000718090 /* ContentView.swift */ = {isa = PBXFileReference; lastKnownFileType = sourcecode.swift; path = ContentView.swift; sourceTree = "<group>"; };
		00B5593E2AD0D9D100718090 /* Assets.xcassets */ = {isa = PBXFileReference; lastKnownFileType = folder.assetcatalog; path = Assets.xcassets; sourceTree = "<group>"; };
		00B559412AD0D9D100718090 /* Preview Assets.xcassets */ = {isa = PBXFileReference; lastKnownFileType = folder.assetcatalog; path = "Preview Assets.xcassets"; sourceTree = "<group>"; };
		00B559432AD0D9D100718090 /* Swift_FM_Playground.entitlements */ = {isa = PBXFileReference; lastKnownFileType = text.plist.entitlements; path = Swift_FM_Playground.entitlements; sourceTree = "<group>"; };
		00B559492AD0E16800718090 /* ViewModel.swift */ = {isa = PBXFileReference; lastKnownFileType = sourcecode.swift; path = ViewModel.swift; sourceTree = "<group>"; };
		00B559622AD0E22900718090 /* Model.swift */ = {isa = PBXFileReference; lastKnownFileType = sourcecode.swift; path = Model.swift; sourceTree = "<group>"; };
		00B559722AD0E79200718090 /* ListModelsPlayground.swift */ = {isa = PBXFileReference; lastKnownFileType = sourcecode.swift; path = ListModelsPlayground.swift; sourceTree = "<group>"; };
		00B559742AD0E82500718090 /* TextPlayground.swift */ = {isa = PBXFileReference; lastKnownFileType = sourcecode.swift; path = TextPlayground.swift; sourceTree = "<group>"; };
		00B559762AD0E84600718090 /* Playground.swift */ = {isa = PBXFileReference; lastKnownFileType = sourcecode.swift; path = Playground.swift; sourceTree = "<group>"; };
		00C7888F2AFDBB3A0007B41A /* BedrockTypesTests.xctest */ = {isa = PBXFileReference; explicitFileType = wrapper.cfbundle; includeInIndex = 0; path = BedrockTypesTests.xctest; sourceTree = BUILT_PRODUCTS_DIR; };
		00C788912AFDBB3A0007B41A /* BedrockTypesTests.swift */ = {isa = PBXFileReference; lastKnownFileType = sourcecode.swift; path = BedrockTypesTests.swift; sourceTree = "<group>"; };
/* End PBXFileReference section */

/* Begin PBXFrameworksBuildPhase section */
		002B1AC72AF1D8FC002F4B77 /* Frameworks */ = {
			isa = PBXFrameworksBuildPhase;
			buildActionMask = 2147483647;
			files = (
			);
			runOnlyForDeploymentPostprocessing = 0;
		};
		00B559342AD0D9D000718090 /* Frameworks */ = {
			isa = PBXFrameworksBuildPhase;
			buildActionMask = 2147483647;
			files = (
				008DFB1E2AF4A9A500687BB9 /* Collections in Frameworks */,
				002B1AD32AF1D964002F4B77 /* libBedrockTypes.a in Frameworks */,
				00B559692AD0E28500718090 /* AWSBedrockRuntime in Frameworks */,
				00B559662AD0E27A00718090 /* Logging in Frameworks */,
				001B77972AF2E1770013321D /* Algorithms in Frameworks */,
				008DFB202AF4A9A500687BB9 /* OrderedCollections in Frameworks */,
				00B5596B2AD0E2B500718090 /* AWSBedrock in Frameworks */,
			);
			runOnlyForDeploymentPostprocessing = 0;
		};
		00C7888C2AFDBB3A0007B41A /* Frameworks */ = {
			isa = PBXFrameworksBuildPhase;
			buildActionMask = 2147483647;
			files = (
			);
			runOnlyForDeploymentPostprocessing = 0;
		};
/* End PBXFrameworksBuildPhase section */

/* Begin PBXGroup section */
		002B1ACA2AF1D8FC002F4B77 /* BedrockTypes */ = {
			isa = PBXGroup;
			children = (
				002B1AB32AF1D7DB002F4B77 /* BedrockTypes.swift */,
				0026BE242AFFCEDB00CAEC66 /* ClaudeTypes.swift */,
				0026BE212AFFCEAB00CAEC66 /* TitanTypes.swift */,
				0026BE1E2AFFBBB000CAEC66 /* CohereTypes.swift */,
				002B1AD82AF1E0AF002F4B77 /* CommonBehaviour.swift */,
			);
			path = BedrockTypes;
			sourceTree = "<group>";
		};
		002B1AD52AF1DF70002F4B77 /* Bedrock */ = {
			isa = PBXGroup;
			children = (
				005B5F5E2AD23EAA000EC830 /* Bedrock.swift */,
			);
			path = Bedrock;
			sourceTree = "<group>";
		};
		00808D1B2AF27A8D00A576CB /* Model */ = {
			isa = PBXGroup;
			children = (
				008DFB1A2AF4A54800687BB9 /* BedrockModelParameterUI.swift */,
				002B1AD62AF1DF96002F4B77 /* BedrockTypesUI.swift */,
				00B559622AD0E22900718090 /* Model.swift */,
				00B559492AD0E16800718090 /* ViewModel.swift */,
			);
			path = Model;
			sourceTree = "<group>";
		};
		008DFB172AF4A3DD00687BB9 /* Parameters */ = {
			isa = PBXGroup;
			children = (
				008DFB182AF4A3F700687BB9 /* ModelParameterView.swift */,
			);
			path = Parameters;
			sourceTree = "<group>";
		};
		00B5592E2AD0D9D000718090 = {
			isa = PBXGroup;
			children = (
				00B559392AD0D9D000718090 /* SwiftFMPlayground */,
				002B1ACA2AF1D8FC002F4B77 /* BedrockTypes */,
				00C788902AFDBB3A0007B41A /* BedrockTypesTests */,
				00B559382AD0D9D000718090 /* Products */,
				00B559672AD0E28500718090 /* Frameworks */,
			);
			sourceTree = "<group>";
		};
		00B559382AD0D9D000718090 /* Products */ = {
			isa = PBXGroup;
			children = (
				00B559372AD0D9D000718090 /* Swift FM Playground.app */,
				002B1AC92AF1D8FC002F4B77 /* libBedrockTypes.a */,
				00C7888F2AFDBB3A0007B41A /* BedrockTypesTests.xctest */,
			);
			name = Products;
			sourceTree = "<group>";
		};
		00B559392AD0D9D000718090 /* SwiftFMPlayground */ = {
			isa = PBXGroup;
			children = (
				008DFB172AF4A3DD00687BB9 /* Parameters */,
				00808D1B2AF27A8D00A576CB /* Model */,
				002B1AD52AF1DF70002F4B77 /* Bedrock */,
				00B5596F2AD0E6D000718090 /* Playgrounds */,
				00B5593A2AD0D9D000718090 /* SwiftFMPlaygroundApp.swift */,
				00B5593C2AD0D9D000718090 /* ContentView.swift */,
				00808D1C2AF2D29400A576CB /* ModelSelectionView.swift */,
				0062C34B2AD44F4900EBCBBB /* StatusBar.swift */,
				00B5593E2AD0D9D100718090 /* Assets.xcassets */,
				00B559432AD0D9D100718090 /* Swift_FM_Playground.entitlements */,
				00B559402AD0D9D100718090 /* Preview Content */,
			);
			path = SwiftFMPlayground;
			sourceTree = "<group>";
		};
		00B559402AD0D9D100718090 /* Preview Content */ = {
			isa = PBXGroup;
			children = (
				00B559412AD0D9D100718090 /* Preview Assets.xcassets */,
			);
			path = "Preview Content";
			sourceTree = "<group>";
		};
		00B559672AD0E28500718090 /* Frameworks */ = {
			isa = PBXGroup;
			children = (
			);
			name = Frameworks;
			sourceTree = "<group>";
		};
		00B5596F2AD0E6D000718090 /* Playgrounds */ = {
			isa = PBXGroup;
			children = (
				00B559762AD0E84600718090 /* Playground.swift */,
				00B559722AD0E79200718090 /* ListModelsPlayground.swift */,
				00B559742AD0E82500718090 /* TextPlayground.swift */,
				005B5F582AD23900000EC830 /* ChatPlayground.swift */,
				005B5F5A2AD23918000EC830 /* VoicePlayground.swift */,
				005B5F5C2AD2393F000EC830 /* ImagePlayground.swift */,
			);
			path = Playgrounds;
			sourceTree = "<group>";
		};
		00C788902AFDBB3A0007B41A /* BedrockTypesTests */ = {
			isa = PBXGroup;
			children = (
				00C788912AFDBB3A0007B41A /* BedrockTypesTests.swift */,
			);
			path = BedrockTypesTests;
			sourceTree = "<group>";
		};
/* End PBXGroup section */

/* Begin PBXHeadersBuildPhase section */
		002B1AC52AF1D8FC002F4B77 /* Headers */ = {
			isa = PBXHeadersBuildPhase;
			buildActionMask = 2147483647;
			files = (
			);
			runOnlyForDeploymentPostprocessing = 0;
		};
/* End PBXHeadersBuildPhase section */

/* Begin PBXNativeTarget section */
		002B1AC82AF1D8FC002F4B77 /* BedrockTypes */ = {
			isa = PBXNativeTarget;
			buildConfigurationList = 002B1ACF2AF1D8FC002F4B77 /* Build configuration list for PBXNativeTarget "BedrockTypes" */;
			buildPhases = (
				002B1AC52AF1D8FC002F4B77 /* Headers */,
				002B1AC62AF1D8FC002F4B77 /* Sources */,
				002B1AC72AF1D8FC002F4B77 /* Frameworks */,
			);
			buildRules = (
			);
			dependencies = (
			);
			name = BedrockTypes;
			productName = BedrockTypes;
			productReference = 002B1AC92AF1D8FC002F4B77 /* libBedrockTypes.a */;
			productType = "com.apple.product-type.library.static";
		};
		00B559362AD0D9D000718090 /* Swift FM Playground */ = {
			isa = PBXNativeTarget;
			buildConfigurationList = 00B559462AD0D9D100718090 /* Build configuration list for PBXNativeTarget "Swift FM Playground" */;
			buildPhases = (
				00B559332AD0D9D000718090 /* Sources */,
				00B559342AD0D9D000718090 /* Frameworks */,
				00B559352AD0D9D000718090 /* Resources */,
			);
			buildRules = (
			);
			dependencies = (
			);
			name = "Swift FM Playground";
			packageProductDependencies = (
				00B559652AD0E27A00718090 /* Logging */,
				00B559682AD0E28500718090 /* AWSBedrockRuntime */,
				00B5596A2AD0E2B500718090 /* AWSBedrock */,
				001B77962AF2E1770013321D /* Algorithms */,
				008DFB1D2AF4A9A500687BB9 /* Collections */,
				008DFB1F2AF4A9A500687BB9 /* OrderedCollections */,
			);
			productName = "Swift FM Playground";
			productReference = 00B559372AD0D9D000718090 /* Swift FM Playground.app */;
			productType = "com.apple.product-type.application";
		};
		00C7888E2AFDBB3A0007B41A /* BedrockTypesTests */ = {
			isa = PBXNativeTarget;
			buildConfigurationList = 00C788952AFDBB3A0007B41A /* Build configuration list for PBXNativeTarget "BedrockTypesTests" */;
			buildPhases = (
				00C7888B2AFDBB3A0007B41A /* Sources */,
				00C7888C2AFDBB3A0007B41A /* Frameworks */,
				00C7888D2AFDBB3A0007B41A /* Resources */,
			);
			buildRules = (
			);
			dependencies = (
				00C788942AFDBB3A0007B41A /* PBXTargetDependency */,
			);
			name = BedrockTypesTests;
			productName = BedrockTypesTests;
			productReference = 00C7888F2AFDBB3A0007B41A /* BedrockTypesTests.xctest */;
			productType = "com.apple.product-type.bundle.unit-test";
		};
/* End PBXNativeTarget section */

/* Begin PBXProject section */
		00B5592F2AD0D9D000718090 /* Project object */ = {
			isa = PBXProject;
			attributes = {
				BuildIndependentTargetsInParallel = 1;
				LastSwiftUpdateCheck = 1500;
				LastUpgradeCheck = 1510;
				TargetAttributes = {
					002B1AC82AF1D8FC002F4B77 = {
						CreatedOnToolsVersion = 15.0.1;
					};
					00B559362AD0D9D000718090 = {
						CreatedOnToolsVersion = 15.0;
					};
					00C7888E2AFDBB3A0007B41A = {
						CreatedOnToolsVersion = 15.0.1;
						TestTargetID = 00B559362AD0D9D000718090;
					};
				};
			};
			buildConfigurationList = 00B559322AD0D9D000718090 /* Build configuration list for PBXProject "swift-fm-playground" */;
			compatibilityVersion = "Xcode 14.0";
			developmentRegion = en;
			hasScannedForEncodings = 0;
			knownRegions = (
				en,
				Base,
			);
			mainGroup = 00B5592E2AD0D9D000718090;
			packageReferences = (
				00B5594B2AD0E1C300718090 /* XCRemoteSwiftPackageReference "aws-sdk-swift" */,
				00B559642AD0E27A00718090 /* XCRemoteSwiftPackageReference "swift-log" */,
				001B77952AF2E1770013321D /* XCRemoteSwiftPackageReference "swift-algorithms" */,
				008DFB1C2AF4A9A500687BB9 /* XCRemoteSwiftPackageReference "swift-collections" */,
			);
			productRefGroup = 00B559382AD0D9D000718090 /* Products */;
			projectDirPath = "";
			projectRoot = "";
			targets = (
				00B559362AD0D9D000718090 /* Swift FM Playground */,
				002B1AC82AF1D8FC002F4B77 /* BedrockTypes */,
				00C7888E2AFDBB3A0007B41A /* BedrockTypesTests */,
			);
		};
/* End PBXProject section */

/* Begin PBXResourcesBuildPhase section */
		00B559352AD0D9D000718090 /* Resources */ = {
			isa = PBXResourcesBuildPhase;
			buildActionMask = 2147483647;
			files = (
				00B559422AD0D9D100718090 /* Preview Assets.xcassets in Resources */,
				00B5593F2AD0D9D100718090 /* Assets.xcassets in Resources */,
			);
			runOnlyForDeploymentPostprocessing = 0;
		};
		00C7888D2AFDBB3A0007B41A /* Resources */ = {
			isa = PBXResourcesBuildPhase;
			buildActionMask = 2147483647;
			files = (
			);
			runOnlyForDeploymentPostprocessing = 0;
		};
/* End PBXResourcesBuildPhase section */

/* Begin PBXSourcesBuildPhase section */
		002B1AC62AF1D8FC002F4B77 /* Sources */ = {
			isa = PBXSourcesBuildPhase;
			buildActionMask = 2147483647;
			files = (
				0026BE232AFFCEAB00CAEC66 /* TitanTypes.swift in Sources */,
				002B1AD92AF1E0AF002F4B77 /* CommonBehaviour.swift in Sources */,
				002B1AD22AF1D931002F4B77 /* BedrockTypes.swift in Sources */,
				0026BE1F2AFFBBB000CAEC66 /* CohereTypes.swift in Sources */,
				0026BE252AFFCEDB00CAEC66 /* ClaudeTypes.swift in Sources */,
			);
			runOnlyForDeploymentPostprocessing = 0;
		};
		00B559332AD0D9D000718090 /* Sources */ = {
			isa = PBXSourcesBuildPhase;
			buildActionMask = 2147483647;
			files = (
				002B1AD72AF1DF96002F4B77 /* BedrockTypesUI.swift in Sources */,
				008DFB192AF4A3F700687BB9 /* ModelParameterView.swift in Sources */,
				00B559732AD0E79200718090 /* ListModelsPlayground.swift in Sources */,
				00B559772AD0E84600718090 /* Playground.swift in Sources */,
				005B5F5D2AD2393F000EC830 /* ImagePlayground.swift in Sources */,
				0062C34C2AD44F4900EBCBBB /* StatusBar.swift in Sources */,
				00B559752AD0E82500718090 /* TextPlayground.swift in Sources */,
				00B5593D2AD0D9D000718090 /* ContentView.swift in Sources */,
				00808D1D2AF2D29400A576CB /* ModelSelectionView.swift in Sources */,
				005B5F5B2AD23918000EC830 /* VoicePlayground.swift in Sources */,
				005B5F592AD23900000EC830 /* ChatPlayground.swift in Sources */,
				0026BE202AFFBBD100CAEC66 /* BedrockModelParameterUI.swift in Sources */,
				00B5594A2AD0E16800718090 /* ViewModel.swift in Sources */,
				00B5593B2AD0D9D000718090 /* SwiftFMPlaygroundApp.swift in Sources */,
				00B559632AD0E22900718090 /* Model.swift in Sources */,
				005B5F5F2AD23EAA000EC830 /* Bedrock.swift in Sources */,
			);
			runOnlyForDeploymentPostprocessing = 0;
		};
		00C7888B2AFDBB3A0007B41A /* Sources */ = {
			isa = PBXSourcesBuildPhase;
			buildActionMask = 2147483647;
			files = (
				00C788922AFDBB3A0007B41A /* BedrockTypesTests.swift in Sources */,
			);
			runOnlyForDeploymentPostprocessing = 0;
		};
/* End PBXSourcesBuildPhase section */

/* Begin PBXTargetDependency section */
		00C788942AFDBB3A0007B41A /* PBXTargetDependency */ = {
			isa = PBXTargetDependency;
			target = 00B559362AD0D9D000718090 /* Swift FM Playground */;
			targetProxy = 00C788932AFDBB3A0007B41A /* PBXContainerItemProxy */;
		};
/* End PBXTargetDependency section */

/* Begin XCBuildConfiguration section */
		002B1AD02AF1D8FC002F4B77 /* Debug */ = {
			isa = XCBuildConfiguration;
			buildSettings = {
				CODE_SIGN_STYLE = Automatic;
				DEAD_CODE_STRIPPING = YES;
				DEVELOPMENT_TEAM = 56U756R2L2;
				EXECUTABLE_PREFIX = lib;
				PRODUCT_NAME = "$(TARGET_NAME)";
				SKIP_INSTALL = YES;
				SWIFT_VERSION = 5.0;
			};
			name = Debug;
		};
		002B1AD12AF1D8FC002F4B77 /* Release */ = {
			isa = XCBuildConfiguration;
			buildSettings = {
				CODE_SIGN_STYLE = Automatic;
				DEAD_CODE_STRIPPING = YES;
				DEVELOPMENT_TEAM = 56U756R2L2;
				EXECUTABLE_PREFIX = lib;
				PRODUCT_NAME = "$(TARGET_NAME)";
				SKIP_INSTALL = YES;
				SWIFT_VERSION = 5.0;
			};
			name = Release;
		};
		00B559442AD0D9D100718090 /* Debug */ = {
			isa = XCBuildConfiguration;
			buildSettings = {
				ALWAYS_SEARCH_USER_PATHS = NO;
				ASSETCATALOG_COMPILER_GENERATE_SWIFT_ASSET_SYMBOL_EXTENSIONS = YES;
				CLANG_ANALYZER_NONNULL = YES;
				CLANG_ANALYZER_NUMBER_OBJECT_CONVERSION = YES_AGGRESSIVE;
				CLANG_CXX_LANGUAGE_STANDARD = "gnu++20";
				CLANG_ENABLE_MODULES = YES;
				CLANG_ENABLE_OBJC_ARC = YES;
				CLANG_ENABLE_OBJC_WEAK = YES;
				CLANG_WARN_BLOCK_CAPTURE_AUTORELEASING = YES;
				CLANG_WARN_BOOL_CONVERSION = YES;
				CLANG_WARN_COMMA = YES;
				CLANG_WARN_CONSTANT_CONVERSION = YES;
				CLANG_WARN_DEPRECATED_OBJC_IMPLEMENTATIONS = YES;
				CLANG_WARN_DIRECT_OBJC_ISA_USAGE = YES_ERROR;
				CLANG_WARN_DOCUMENTATION_COMMENTS = YES;
				CLANG_WARN_EMPTY_BODY = YES;
				CLANG_WARN_ENUM_CONVERSION = YES;
				CLANG_WARN_INFINITE_RECURSION = YES;
				CLANG_WARN_INT_CONVERSION = YES;
				CLANG_WARN_NON_LITERAL_NULL_CONVERSION = YES;
				CLANG_WARN_OBJC_IMPLICIT_RETAIN_SELF = YES;
				CLANG_WARN_OBJC_LITERAL_CONVERSION = YES;
				CLANG_WARN_OBJC_ROOT_CLASS = YES_ERROR;
				CLANG_WARN_QUOTED_INCLUDE_IN_FRAMEWORK_HEADER = YES;
				CLANG_WARN_RANGE_LOOP_ANALYSIS = YES;
				CLANG_WARN_STRICT_PROTOTYPES = YES;
				CLANG_WARN_SUSPICIOUS_MOVE = YES;
				CLANG_WARN_UNGUARDED_AVAILABILITY = YES_AGGRESSIVE;
				CLANG_WARN_UNREACHABLE_CODE = YES;
				CLANG_WARN__DUPLICATE_METHOD_MATCH = YES;
				COPY_PHASE_STRIP = NO;
				DEAD_CODE_STRIPPING = YES;
				DEBUG_INFORMATION_FORMAT = dwarf;
				ENABLE_STRICT_OBJC_MSGSEND = YES;
				ENABLE_TESTABILITY = YES;
				ENABLE_USER_SCRIPT_SANDBOXING = YES;
				GCC_C_LANGUAGE_STANDARD = gnu17;
				GCC_DYNAMIC_NO_PIC = NO;
				GCC_NO_COMMON_BLOCKS = YES;
				GCC_OPTIMIZATION_LEVEL = 0;
				GCC_PREPROCESSOR_DEFINITIONS = (
					"DEBUG=1",
					"$(inherited)",
				);
				GCC_WARN_64_TO_32_BIT_CONVERSION = YES;
				GCC_WARN_ABOUT_RETURN_TYPE = YES_ERROR;
				GCC_WARN_UNDECLARED_SELECTOR = YES;
				GCC_WARN_UNINITIALIZED_AUTOS = YES_AGGRESSIVE;
				GCC_WARN_UNUSED_FUNCTION = YES;
				GCC_WARN_UNUSED_VARIABLE = YES;
				LOCALIZATION_PREFERS_STRING_CATALOGS = YES;
				MACOSX_DEPLOYMENT_TARGET = 14.0;
				MTL_ENABLE_DEBUG_INFO = INCLUDE_SOURCE;
				MTL_FAST_MATH = YES;
				ONLY_ACTIVE_ARCH = YES;
				SDKROOT = macosx;
				SWIFT_ACTIVE_COMPILATION_CONDITIONS = "DEBUG $(inherited)";
				SWIFT_OPTIMIZATION_LEVEL = "-Onone";
			};
			name = Debug;
		};
		00B559452AD0D9D100718090 /* Release */ = {
			isa = XCBuildConfiguration;
			buildSettings = {
				ALWAYS_SEARCH_USER_PATHS = NO;
				ASSETCATALOG_COMPILER_GENERATE_SWIFT_ASSET_SYMBOL_EXTENSIONS = YES;
				CLANG_ANALYZER_NONNULL = YES;
				CLANG_ANALYZER_NUMBER_OBJECT_CONVERSION = YES_AGGRESSIVE;
				CLANG_CXX_LANGUAGE_STANDARD = "gnu++20";
				CLANG_ENABLE_MODULES = YES;
				CLANG_ENABLE_OBJC_ARC = YES;
				CLANG_ENABLE_OBJC_WEAK = YES;
				CLANG_WARN_BLOCK_CAPTURE_AUTORELEASING = YES;
				CLANG_WARN_BOOL_CONVERSION = YES;
				CLANG_WARN_COMMA = YES;
				CLANG_WARN_CONSTANT_CONVERSION = YES;
				CLANG_WARN_DEPRECATED_OBJC_IMPLEMENTATIONS = YES;
				CLANG_WARN_DIRECT_OBJC_ISA_USAGE = YES_ERROR;
				CLANG_WARN_DOCUMENTATION_COMMENTS = YES;
				CLANG_WARN_EMPTY_BODY = YES;
				CLANG_WARN_ENUM_CONVERSION = YES;
				CLANG_WARN_INFINITE_RECURSION = YES;
				CLANG_WARN_INT_CONVERSION = YES;
				CLANG_WARN_NON_LITERAL_NULL_CONVERSION = YES;
				CLANG_WARN_OBJC_IMPLICIT_RETAIN_SELF = YES;
				CLANG_WARN_OBJC_LITERAL_CONVERSION = YES;
				CLANG_WARN_OBJC_ROOT_CLASS = YES_ERROR;
				CLANG_WARN_QUOTED_INCLUDE_IN_FRAMEWORK_HEADER = YES;
				CLANG_WARN_RANGE_LOOP_ANALYSIS = YES;
				CLANG_WARN_STRICT_PROTOTYPES = YES;
				CLANG_WARN_SUSPICIOUS_MOVE = YES;
				CLANG_WARN_UNGUARDED_AVAILABILITY = YES_AGGRESSIVE;
				CLANG_WARN_UNREACHABLE_CODE = YES;
				CLANG_WARN__DUPLICATE_METHOD_MATCH = YES;
				COPY_PHASE_STRIP = NO;
				DEAD_CODE_STRIPPING = YES;
				DEBUG_INFORMATION_FORMAT = "dwarf-with-dsym";
				ENABLE_NS_ASSERTIONS = NO;
				ENABLE_STRICT_OBJC_MSGSEND = YES;
				ENABLE_USER_SCRIPT_SANDBOXING = YES;
				GCC_C_LANGUAGE_STANDARD = gnu17;
				GCC_NO_COMMON_BLOCKS = YES;
				GCC_WARN_64_TO_32_BIT_CONVERSION = YES;
				GCC_WARN_ABOUT_RETURN_TYPE = YES_ERROR;
				GCC_WARN_UNDECLARED_SELECTOR = YES;
				GCC_WARN_UNINITIALIZED_AUTOS = YES_AGGRESSIVE;
				GCC_WARN_UNUSED_FUNCTION = YES;
				GCC_WARN_UNUSED_VARIABLE = YES;
				LOCALIZATION_PREFERS_STRING_CATALOGS = YES;
				MACOSX_DEPLOYMENT_TARGET = 14.0;
				MTL_ENABLE_DEBUG_INFO = NO;
				MTL_FAST_MATH = YES;
				SDKROOT = macosx;
				SWIFT_COMPILATION_MODE = wholemodule;
			};
			name = Release;
		};
		00B559472AD0D9D100718090 /* Debug */ = {
			isa = XCBuildConfiguration;
			buildSettings = {
				ASSETCATALOG_COMPILER_APPICON_NAME = AppIcon;
				ASSETCATALOG_COMPILER_GLOBAL_ACCENT_COLOR_NAME = AccentColor;
				CODE_SIGN_ENTITLEMENTS = SwiftFMPlayground/Swift_FM_Playground.entitlements;
				CODE_SIGN_IDENTITY = "Apple Development";
				"CODE_SIGN_IDENTITY[sdk=macosx*]" = "Apple Development";
				CODE_SIGN_STYLE = Automatic;
				COMBINE_HIDPI_IMAGES = YES;
				CURRENT_PROJECT_VERSION = 1;
				DEAD_CODE_STRIPPING = YES;
				DEVELOPMENT_ASSET_PATHS = "\"SwiftFMPlayground/Preview Content\"";
				DEVELOPMENT_TEAM = 56U756R2L2;
				ENABLE_HARDENED_RUNTIME = YES;
				ENABLE_PREVIEWS = YES;
				GENERATE_INFOPLIST_FILE = YES;
				INFOPLIST_KEY_NSHumanReadableCopyright = "";
				LD_RUNPATH_SEARCH_PATHS = (
					"$(inherited)",
					"@executable_path/../Frameworks",
				);
				MARKETING_VERSION = 1.0;
				PRODUCT_BUNDLE_IDENTIFIER = "com.stormacq.app.demo.FMPlayground.Swift-FM-Playground";
				PRODUCT_NAME = "$(TARGET_NAME)";
				PROVISIONING_PROFILE_SPECIFIER = "";
				SWIFT_EMIT_LOC_STRINGS = YES;
				SWIFT_VERSION = 5.0;
			};
			name = Debug;
		};
		00B559482AD0D9D100718090 /* Release */ = {
			isa = XCBuildConfiguration;
			buildSettings = {
				ASSETCATALOG_COMPILER_APPICON_NAME = AppIcon;
				ASSETCATALOG_COMPILER_GLOBAL_ACCENT_COLOR_NAME = AccentColor;
				CODE_SIGN_ENTITLEMENTS = SwiftFMPlayground/Swift_FM_Playground.entitlements;
				CODE_SIGN_IDENTITY = "Apple Development";
				"CODE_SIGN_IDENTITY[sdk=macosx*]" = "Apple Development";
				CODE_SIGN_STYLE = Automatic;
				COMBINE_HIDPI_IMAGES = YES;
				CURRENT_PROJECT_VERSION = 1;
				DEAD_CODE_STRIPPING = YES;
				DEVELOPMENT_ASSET_PATHS = "\"SwiftFMPlayground/Preview Content\"";
				DEVELOPMENT_TEAM = 56U756R2L2;
				ENABLE_HARDENED_RUNTIME = YES;
				ENABLE_PREVIEWS = YES;
				GENERATE_INFOPLIST_FILE = YES;
				INFOPLIST_KEY_NSHumanReadableCopyright = "";
				LD_RUNPATH_SEARCH_PATHS = (
					"$(inherited)",
					"@executable_path/../Frameworks",
				);
				MARKETING_VERSION = 1.0;
				PRODUCT_BUNDLE_IDENTIFIER = "com.stormacq.app.demo.FMPlayground.Swift-FM-Playground";
				PRODUCT_NAME = "$(TARGET_NAME)";
				PROVISIONING_PROFILE_SPECIFIER = "";
				SWIFT_EMIT_LOC_STRINGS = YES;
				SWIFT_VERSION = 5.0;
			};
			name = Release;
		};
		00C788962AFDBB3A0007B41A /* Debug */ = {
			isa = XCBuildConfiguration;
			buildSettings = {
				BUNDLE_LOADER = "$(TEST_HOST)";
				CODE_SIGN_STYLE = Automatic;
				CURRENT_PROJECT_VERSION = 1;
				DEVELOPMENT_TEAM = 56U756R2L2;
				GENERATE_INFOPLIST_FILE = YES;
				MARKETING_VERSION = 1.0;
				PRODUCT_BUNDLE_IDENTIFIER = com.stormacq.app.demo.BedrockTypesTests;
				PRODUCT_NAME = "$(TARGET_NAME)";
				SWIFT_EMIT_LOC_STRINGS = NO;
				SWIFT_VERSION = 5.0;
				TEST_HOST = "$(BUILT_PRODUCTS_DIR)/Swift FM Playground.app/$(BUNDLE_EXECUTABLE_FOLDER_PATH)/Swift FM Playground";
			};
			name = Debug;
		};
		00C788972AFDBB3A0007B41A /* Release */ = {
			isa = XCBuildConfiguration;
			buildSettings = {
				BUNDLE_LOADER = "$(TEST_HOST)";
				CODE_SIGN_STYLE = Automatic;
				CURRENT_PROJECT_VERSION = 1;
				DEVELOPMENT_TEAM = 56U756R2L2;
				GENERATE_INFOPLIST_FILE = YES;
				MARKETING_VERSION = 1.0;
				PRODUCT_BUNDLE_IDENTIFIER = com.stormacq.app.demo.BedrockTypesTests;
				PRODUCT_NAME = "$(TARGET_NAME)";
				SWIFT_EMIT_LOC_STRINGS = NO;
				SWIFT_VERSION = 5.0;
				TEST_HOST = "$(BUILT_PRODUCTS_DIR)/Swift FM Playground.app/$(BUNDLE_EXECUTABLE_FOLDER_PATH)/Swift FM Playground";
			};
			name = Release;
		};
/* End XCBuildConfiguration section */

/* Begin XCConfigurationList section */
		002B1ACF2AF1D8FC002F4B77 /* Build configuration list for PBXNativeTarget "BedrockTypes" */ = {
			isa = XCConfigurationList;
			buildConfigurations = (
				002B1AD02AF1D8FC002F4B77 /* Debug */,
				002B1AD12AF1D8FC002F4B77 /* Release */,
			);
			defaultConfigurationIsVisible = 0;
			defaultConfigurationName = Release;
		};
		00B559322AD0D9D000718090 /* Build configuration list for PBXProject "swift-fm-playground" */ = {
			isa = XCConfigurationList;
			buildConfigurations = (
				00B559442AD0D9D100718090 /* Debug */,
				00B559452AD0D9D100718090 /* Release */,
			);
			defaultConfigurationIsVisible = 0;
			defaultConfigurationName = Release;
		};
		00B559462AD0D9D100718090 /* Build configuration list for PBXNativeTarget "Swift FM Playground" */ = {
			isa = XCConfigurationList;
			buildConfigurations = (
				00B559472AD0D9D100718090 /* Debug */,
				00B559482AD0D9D100718090 /* Release */,
			);
			defaultConfigurationIsVisible = 0;
			defaultConfigurationName = Release;
		};
		00C788952AFDBB3A0007B41A /* Build configuration list for PBXNativeTarget "BedrockTypesTests" */ = {
			isa = XCConfigurationList;
			buildConfigurations = (
				00C788962AFDBB3A0007B41A /* Debug */,
				00C788972AFDBB3A0007B41A /* Release */,
			);
			defaultConfigurationIsVisible = 0;
			defaultConfigurationName = Release;
		};
/* End XCConfigurationList section */

/* Begin XCRemoteSwiftPackageReference section */
		001B77952AF2E1770013321D /* XCRemoteSwiftPackageReference "swift-algorithms" */ = {
			isa = XCRemoteSwiftPackageReference;
			repositoryURL = "https://github.com/apple/swift-algorithms.git";
			requirement = {
				kind = upToNextMajorVersion;
				minimumVersion = 1.1.0;
			};
		};
		008DFB1C2AF4A9A500687BB9 /* XCRemoteSwiftPackageReference "swift-collections" */ = {
			isa = XCRemoteSwiftPackageReference;
			repositoryURL = "https://github.com/apple/swift-collections.git";
			requirement = {
				kind = upToNextMajorVersion;
				minimumVersion = 1.0.5;
			};
		};
		00B5594B2AD0E1C300718090 /* XCRemoteSwiftPackageReference "aws-sdk-swift" */ = {
			isa = XCRemoteSwiftPackageReference;
			repositoryURL = "https://github.com/awslabs/aws-sdk-swift";
			requirement = {
				kind = upToNextMajorVersion;
				minimumVersion = 0.27.0;
			};
		};
		00B559642AD0E27A00718090 /* XCRemoteSwiftPackageReference "swift-log" */ = {
			isa = XCRemoteSwiftPackageReference;
			repositoryURL = "https://github.com/apple/swift-log";
			requirement = {
				kind = upToNextMajorVersion;
				minimumVersion = 1.5.3;
			};
		};
/* End XCRemoteSwiftPackageReference section */

/* Begin XCSwiftPackageProductDependency section */
		001B77962AF2E1770013321D /* Algorithms */ = {
			isa = XCSwiftPackageProductDependency;
			package = 001B77952AF2E1770013321D /* XCRemoteSwiftPackageReference "swift-algorithms" */;
			productName = Algorithms;
		};
		008DFB1D2AF4A9A500687BB9 /* Collections */ = {
			isa = XCSwiftPackageProductDependency;
			package = 008DFB1C2AF4A9A500687BB9 /* XCRemoteSwiftPackageReference "swift-collections" */;
			productName = Collections;
		};
		008DFB1F2AF4A9A500687BB9 /* OrderedCollections */ = {
			isa = XCSwiftPackageProductDependency;
			package = 008DFB1C2AF4A9A500687BB9 /* XCRemoteSwiftPackageReference "swift-collections" */;
			productName = OrderedCollections;
		};
		00B559652AD0E27A00718090 /* Logging */ = {
			isa = XCSwiftPackageProductDependency;
			package = 00B559642AD0E27A00718090 /* XCRemoteSwiftPackageReference "swift-log" */;
			productName = Logging;
		};
		00B559682AD0E28500718090 /* AWSBedrockRuntime */ = {
			isa = XCSwiftPackageProductDependency;
			package = 00B5594B2AD0E1C300718090 /* XCRemoteSwiftPackageReference "aws-sdk-swift" */;
			productName = AWSBedrockRuntime;
		};
		00B5596A2AD0E2B500718090 /* AWSBedrock */ = {
			isa = XCSwiftPackageProductDependency;
			package = 00B5594B2AD0E1C300718090 /* XCRemoteSwiftPackageReference "aws-sdk-swift" */;
			productName = AWSBedrock;
		};
/* End XCSwiftPackageProductDependency section */
	};
	rootObject = 00B5592F2AD0D9D000718090 /* Project object */;
}
